// !$*UTF8*$!
{
	archiveVersion = 1;
	classes = {};
	objectVersion = 56;
	objects = {

/* Begin PBXBuildFile section */
		100000000000000000000001 /* CapybaraIslandAdventureApp.swift in Sources */ = {isa = PBXBuildFile; fileRef = 200000000000000000000001 /* CapybaraIslandAdventureApp.swift */; };
		100000000000000000000002 /* GameModels.swift in Sources */ = {isa = PBXBuildFile; fileRef = 200000000000000000000002 /* GameModels.swift */; };
		100000000000000000000003 /* AdventureContent.swift in Sources */ = {isa = PBXBuildFile; fileRef = 200000000000000000000003 /* AdventureContent.swift */; };
		100000000000000000000004 /* QuestionBank.swift in Sources */ = {isa = PBXBuildFile; fileRef = 200000000000000000000004 /* QuestionBank.swift */; };
		100000000000000000000005 /* ProgressStore.swift in Sources */ = {isa = PBXBuildFile; fileRef = 200000000000000000000005 /* ProgressStore.swift */; };
		100000000000000000000006 /* GameViewModel.swift in Sources */ = {isa = PBXBuildFile; fileRef = 200000000000000000000006 /* GameViewModel.swift */; };
		100000000000000000000007 /* IslandTheme.swift in Sources */ = {isa = PBXBuildFile; fileRef = 200000000000000000000007 /* IslandTheme.swift */; };
		100000000000000000000008 /* CapybaraAvatarView.swift in Sources */ = {isa = PBXBuildFile; fileRef = 200000000000000000000008 /* CapybaraAvatarView.swift */; };
		100000000000000000000009 /* LearningComponents.swift in Sources */ = {isa = PBXBuildFile; fileRef = 200000000000000000000009 /* LearningComponents.swift */; };
		10000000000000000000000A /* DiagramViews.swift in Sources */ = {isa = PBXBuildFile; fileRef = 20000000000000000000000A /* DiagramViews.swift */; };
		10000000000000000000000B /* RootView.swift in Sources */ = {isa = PBXBuildFile; fileRef = 20000000000000000000000B /* RootView.swift */; };
		10000000000000000000000C /* HomeView.swift in Sources */ = {isa = PBXBuildFile; fileRef = 20000000000000000000000C /* HomeView.swift */; };
		10000000000000000000000D /* IslandMapView.swift in Sources */ = {isa = PBXBuildFile; fileRef = 20000000000000000000000D /* IslandMapView.swift */; };
		10000000000000000000000E /* StoryAndRewardViews.swift in Sources */ = {isa = PBXBuildFile; fileRef = 20000000000000000000000E /* StoryAndRewardViews.swift */; };
		10000000000000000000000F /* QuestionPlayView.swift in Sources */ = {isa = PBXBuildFile; fileRef = 20000000000000000000000F /* QuestionPlayView.swift */; };
		100000000000000000000010 /* WrongQuestionsView.swift in Sources */ = {isa = PBXBuildFile; fileRef = 200000000000000000000010 /* WrongQuestionsView.swift */; };
		100000000000000000000011 /* ParentReportView.swift in Sources */ = {isa = PBXBuildFile; fileRef = 200000000000000000000011 /* ParentReportView.swift */; };
		100000000000000000000012 /* SettingsView.swift in Sources */ = {isa = PBXBuildFile; fileRef = 200000000000000000000012 /* SettingsView.swift */; };
		100000000000000000000013 /* Assets.xcassets in Resources */ = {isa = PBXBuildFile; fileRef = 200000000000000000000013 /* Assets.xcassets */; };
		100000000000000000000014 /* PrivacyInfo.xcprivacy in Resources */ = {isa = PBXBuildFile; fileRef = 200000000000000000000016 /* PrivacyInfo.xcprivacy */; };
/* End PBXBuildFile section */

/* Begin PBXFileReference section */
		200000000000000000000001 /* CapybaraIslandAdventureApp.swift */ = {isa = PBXFileReference; lastKnownFileType = sourcecode.swift; path = CapybaraIslandAdventureApp.swift; sourceTree = "<group>"; };
		200000000000000000000002 /* GameModels.swift */ = {isa = PBXFileReference; lastKnownFileType = sourcecode.swift; path = GameModels.swift; sourceTree = "<group>"; };
		200000000000000000000003 /* AdventureContent.swift */ = {isa = PBXFileReference; lastKnownFileType = sourcecode.swift; path = AdventureContent.swift; sourceTree = "<group>"; };
		200000000000000000000004 /* QuestionBank.swift */ = {isa = PBXFileReference; lastKnownFileType = sourcecode.swift; path = QuestionBank.swift; sourceTree = "<group>"; };
		200000000000000000000005 /* ProgressStore.swift */ = {isa = PBXFileReference; lastKnownFileType = sourcecode.swift; path = ProgressStore.swift; sourceTree = "<group>"; };
		200000000000000000000006 /* GameViewModel.swift */ = {isa = PBXFileReference; lastKnownFileType = sourcecode.swift; path = GameViewModel.swift; sourceTree = "<group>"; };
		200000000000000000000007 /* IslandTheme.swift */ = {isa = PBXFileReference; lastKnownFileType = sourcecode.swift; path = IslandTheme.swift; sourceTree = "<group>"; };
		200000000000000000000008 /* CapybaraAvatarView.swift */ = {isa = PBXFileReference; lastKnownFileType = sourcecode.swift; path = CapybaraAvatarView.swift; sourceTree = "<group>"; };
		200000000000000000000009 /* LearningComponents.swift */ = {isa = PBXFileReference; lastKnownFileType = sourcecode.swift; path = LearningComponents.swift; sourceTree = "<group>"; };
		20000000000000000000000A /* DiagramViews.swift */ = {isa = PBXFileReference; lastKnownFileType = sourcecode.swift; path = DiagramViews.swift; sourceTree = "<group>"; };
		20000000000000000000000B /* RootView.swift */ = {isa = PBXFileReference; lastKnownFileType = sourcecode.swift; path = RootView.swift; sourceTree = "<group>"; };
		20000000000000000000000C /* HomeView.swift */ = {isa = PBXFileReference; lastKnownFileType = sourcecode.swift; path = HomeView.swift; sourceTree = "<group>"; };
		20000000000000000000000D /* IslandMapView.swift */ = {isa = PBXFileReference; lastKnownFileType = sourcecode.swift; path = IslandMapView.swift; sourceTree = "<group>"; };
		20000000000000000000000E /* StoryAndRewardViews.swift */ = {isa = PBXFileReference; lastKnownFileType = sourcecode.swift; path = StoryAndRewardViews.swift; sourceTree = "<group>"; };
		20000000000000000000000F /* QuestionPlayView.swift */ = {isa = PBXFileReference; lastKnownFileType = sourcecode.swift; path = QuestionPlayView.swift; sourceTree = "<group>"; };
		200000000000000000000010 /* WrongQuestionsView.swift */ = {isa = PBXFileReference; lastKnownFileType = sourcecode.swift; path = WrongQuestionsView.swift; sourceTree = "<group>"; };
		200000000000000000000011 /* ParentReportView.swift */ = {isa = PBXFileReference; lastKnownFileType = sourcecode.swift; path = ParentReportView.swift; sourceTree = "<group>"; };
		200000000000000000000012 /* SettingsView.swift */ = {isa = PBXFileReference; lastKnownFileType = sourcecode.swift; path = SettingsView.swift; sourceTree = "<group>"; };
		200000000000000000000013 /* Assets.xcassets */ = {isa = PBXFileReference; lastKnownFileType = folder.assetcatalog; path = Assets.xcassets; sourceTree = "<group>"; };
		200000000000000000000014 /* Info.plist */ = {isa = PBXFileReference; lastKnownFileType = text.plist.xml; path = Info.plist; sourceTree = "<group>"; };
		200000000000000000000015 /* 卡皮巴拉海岛探险.app */ = {isa = PBXFileReference; explicitFileType = wrapper.application; includeInIndex = 0; path = "卡皮巴拉海岛探险.app"; sourceTree = BUILT_PRODUCTS_DIR; };
		200000000000000000000016 /* PrivacyInfo.xcprivacy */ = {isa = PBXFileReference; lastKnownFileType = text.xml; path = PrivacyInfo.xcprivacy; sourceTree = "<group>"; };
/* End PBXFileReference section */

/* Begin PBXFrameworksBuildPhase section */
		300000000000000000000001 /* Frameworks */ = {isa = PBXFrameworksBuildPhase; buildActionMask = 2147483647; files = (); runOnlyForDeploymentPostprocessing = 0; };
/* End PBXFrameworksBuildPhase section */

/* Begin PBXGroup section */
		400000000000000000000001 = {isa = PBXGroup; children = (400000000000000000000002 /* CapybaraIslandAdventure */, 400000000000000000000009 /* Products */); sourceTree = "<group>"; };
		400000000000000000000002 /* CapybaraIslandAdventure */ = {isa = PBXGroup; path = CapybaraIslandAdventure; sourceTree = "<group>"; children = (400000000000000000000003 /* App */, 400000000000000000000004 /* Models */, 400000000000000000000005 /* Data */, 400000000000000000000006 /* Services */, 400000000000000000000007 /* ViewModels */, 400000000000000000000008 /* Components */, 40000000000000000000000A /* Views */, 200000000000000000000013 /* Assets.xcassets */, 40000000000000000000000B /* Resources */); };
		400000000000000000000003 /* App */ = {isa = PBXGroup; path = App; sourceTree = "<group>"; children = (200000000000000000000001); };
		400000000000000000000004 /* Models */ = {isa = PBXGroup; path = Models; sourceTree = "<group>"; children = (200000000000000000000002); };
		400000000000000000000005 /* Data */ = {isa = PBXGroup; path = Data; sourceTree = "<group>"; children = (200000000000000000000003, 200000000000000000000004); };
		400000000000000000000006 /* Services */ = {isa = PBXGroup; path = Services; sourceTree = "<group>"; children = (200000000000000000000005); };
		400000000000000000000007 /* ViewModels */ = {isa = PBXGroup; path = ViewModels; sourceTree = "<group>"; children = (200000000000000000000006); };
		400000000000000000000008 /* Components */ = {isa = PBXGroup; path = Components; sourceTree = "<group>"; children = (200000000000000000000007, 200000000000000000000008, 200000000000000000000009, 20000000000000000000000A); };
		400000000000000000000009 /* Products */ = {isa = PBXGroup; children = (200000000000000000000015); name = Products; sourceTree = "<group>"; };
		40000000000000000000000A /* Views */ = {isa = PBXGroup; path = Views; sourceTree = "<group>"; children = (20000000000000000000000B, 20000000000000000000000C, 20000000000000000000000D, 20000000000000000000000E, 20000000000000000000000F, 200000000000000000000010, 200000000000000000000011, 200000000000000000000012); };
		40000000000000000000000B /* Resources */ = {isa = PBXGroup; path = Resources; sourceTree = "<group>"; children = (200000000000000000000014, 200000000000000000000016); };
/* End PBXGroup section */

/* Begin PBXNativeTarget section */
		500000000000000000000001 /* CapybaraIslandAdventure */ = {isa = PBXNativeTarget; buildConfigurationList = 800000000000000000000002; buildPhases = (700000000000000000000001 /* Sources */, 300000000000000000000001 /* Frameworks */, 700000000000000000000002 /* Resources */); buildRules = (); dependencies = (); name = CapybaraIslandAdventure; productName = CapybaraIslandAdventure; productReference = 200000000000000000000015; productType = "com.apple.product-type.application"; };
/* End PBXNativeTarget section */

/* Begin PBXProject section */
		600000000000000000000001 /* Project object */ = {isa = PBXProject; attributes = {BuildIndependentTargetsInParallel = 1; LastSwiftUpdateCheck = 1600; LastUpgradeCheck = 1600; TargetAttributes = {500000000000000000000001 = {CreatedOnToolsVersion = 16.0; }; }; }; buildConfigurationList = 800000000000000000000001; compatibilityVersion = "Xcode 14.0"; developmentRegion = zh-Hans; hasScannedForEncodings = 0; knownRegions = (Base, "zh-Hans", en); mainGroup = 400000000000000000000001; productRefGroup = 400000000000000000000009; projectDirPath = ""; projectRoot = ""; targets = (500000000000000000000001); };
/* End PBXProject section */

/* Begin PBXResourcesBuildPhase section */
		700000000000000000000002 /* Resources */ = {isa = PBXResourcesBuildPhase; buildActionMask = 2147483647; files = (100000000000000000000013 /* Assets.xcassets in Resources */, 100000000000000000000014 /* PrivacyInfo.xcprivacy in Resources */); runOnlyForDeploymentPostprocessing = 0; };
/* End PBXResourcesBuildPhase section */

/* Begin PBXSourcesBuildPhase section */
		700000000000000000000001 /* Sources */ = {isa = PBXSourcesBuildPhase; buildActionMask = 2147483647; files = (100000000000000000000001, 100000000000000000000002, 100000000000000000000003, 100000000000000000000004, 100000000000000000000005, 100000000000000000000006, 100000000000000000000007, 100000000000000000000008, 100000000000000000000009, 10000000000000000000000A, 10000000000000000000000B, 10000000000000000000000C, 10000000000000000000000D, 10000000000000000000000E, 10000000000000000000000F, 100000000000000000000010, 100000000000000000000011, 100000000000000000000012); runOnlyForDeploymentPostprocessing = 0; };
/* End PBXSourcesBuildPhase section */

/* Begin XCBuildConfiguration section */
		900000000000000000000001 /* Debug */ = {isa = XCBuildConfiguration; buildSettings = {ALWAYS_SEARCH_USER_PATHS = NO; CLANG_ENABLE_MODULES = YES; IPHONEOS_DEPLOYMENT_TARGET = 17.0; SDKROOT = iphoneos; SWIFT_VERSION = 5.0; }; name = Debug; };
		900000000000000000000002 /* Release */ = {isa = XCBuildConfiguration; buildSettings = {ALWAYS_SEARCH_USER_PATHS = NO; CLANG_ENABLE_MODULES = YES; IPHONEOS_DEPLOYMENT_TARGET = 17.0; SDKROOT = iphoneos; SWIFT_VERSION = 5.0; }; name = Release; };
		900000000000000000000003 /* Debug */ = {isa = XCBuildConfiguration; buildSettings = {ASSETCATALOG_COMPILER_APPICON_NAME = AppIcon; ASSETCATALOG_COMPILER_GLOBAL_ACCENT_COLOR_NAME = AccentColor; CODE_SIGN_STYLE = Automatic; CURRENT_PROJECT_VERSION = 1; GENERATE_INFOPLIST_FILE = NO; INFOPLIST_FILE = CapybaraIslandAdventure/Resources/Info.plist; MARKETING_VERSION = 1.0; PRODUCT_BUNDLE_IDENTIFIER = com.example.CapybaraIslandAdventure; PRODUCT_NAME = "$(TARGET_NAME)"; SUPPORTED_PLATFORMS = "iphoneos iphonesimulator"; SUPPORTS_MACCATALYST = NO; SWIFT_EMIT_LOC_STRINGS = YES; TARGETED_DEVICE_FAMILY = "1,2"; }; name = Debug; };
		900000000000000000000004 /* Release */ = {isa = XCBuildConfiguration; buildSettings = {ASSETCATALOG_COMPILER_APPICON_NAME = AppIcon; ASSETCATALOG_COMPILER_GLOBAL_ACCENT_COLOR_NAME = AccentColor; CODE_SIGN_STYLE = Automatic; CURRENT_PROJECT_VERSION = 1; GENERATE_INFOPLIST_FILE = NO; INFOPLIST_FILE = CapybaraIslandAdventure/Resources/Info.plist; MARKETING_VERSION = 1.0; PRODUCT_BUNDLE_IDENTIFIER = com.example.CapybaraIslandAdventure; PRODUCT_NAME = "$(TARGET_NAME)"; SUPPORTED_PLATFORMS = "iphoneos iphonesimulator"; SUPPORTS_MACCATALYST = NO; SWIFT_EMIT_LOC_STRINGS = YES; TARGETED_DEVICE_FAMILY = "1,2"; }; name = Release; };
/* End XCBuildConfiguration section */

/* Begin XCConfigurationList section */
		800000000000000000000001 /* Build configuration list for PBXProject */ = {isa = XCConfigurationList; buildConfigurations = (900000000000000000000001, 900000000000000000000002); defaultConfigurationIsVisible = 0; defaultConfigurationName = Release; };
		800000000000000000000002 /* Build configuration list for PBXNativeTarget */ = {isa = XCConfigurationList; buildConfigurations = (900000000000000000000003, 900000000000000000000004); defaultConfigurationIsVisible = 0; defaultConfigurationName = Release; };
/* End XCConfigurationList section */
	};
	rootObject = 600000000000000000000001 /* Project object */;
}
